// !$*UTF8*$!
{
	archiveVersion = 1;
	classes = {
	};
	objectVersion = 50;
	objects = {

/* Begin PBXBuildFile section */
		092DC5E320C353E400D43B52 /* AppDelegate.m in Sources */ = {isa = PBXBuildFile; fileRef = 092DC5E220C353E400D43B52 /* AppDelegate.m */; };
		092DC5E620C353E400D43B52 /* ViewController.m in Sources */ = {isa = PBXBuildFile; fileRef = 092DC5E520C353E400D43B52 /* ViewController.m */; };
		092DC5E920C353E400D43B52 /* Main.storyboard in Resources */ = {isa = PBXBuildFile; fileRef = 092DC5E720C353E400D43B52 /* Main.storyboard */; };
		092DC5EB20C353E500D43B52 /* Assets.xcassets in Resources */ = {isa = PBXBuildFile; fileRef = 092DC5EA20C353E500D43B52 /* Assets.xcassets */; };
		092DC5EE20C353E500D43B52 /* LaunchScreen.storyboard in Resources */ = {isa = PBXBuildFile; fileRef = 092DC5EC20C353E500D43B52 /* LaunchScreen.storyboard */; };
		092DC5F120C353E500D43B52 /* main.m in Sources */ = {isa = PBXBuildFile; fileRef = 092DC5F020C353E500D43B52 /* main.m */; };
		092DC5FD20C3570300D43B52 /* pic1.jpeg in Resources */ = {isa = PBXBuildFile; fileRef = 092DC5F720C3570300D43B52 /* pic1.jpeg */; };
		092DC5FE20C3570300D43B52 /* pic3.jpeg in Resources */ = {isa = PBXBuildFile; fileRef = 092DC5F820C3570300D43B52 /* pic3.jpeg */; };
		092DC5FF20C3570300D43B52 /* pic6.jpeg in Resources */ = {isa = PBXBuildFile; fileRef = 092DC5F920C3570300D43B52 /* pic6.jpeg */; };
		092DC60020C3570300D43B52 /* pic5.jpeg in Resources */ = {isa = PBXBuildFile; fileRef = 092DC5FA20C3570300D43B52 /* pic5.jpeg */; };
		092DC60120C3570300D43B52 /* pic2.jpeg in Resources */ = {isa = PBXBuildFile; fileRef = 092DC5FB20C3570300D43B52 /* pic2.jpeg */; };
		092DC60220C3570300D43B52 /* pic4.jpeg in Resources */ = {isa = PBXBuildFile; fileRef = 092DC5FC20C3570300D43B52 /* pic4.jpeg */; };
/* End PBXBuildFile section */

/* Begin PBXFileReference section */
		092DC5DE20C353E400D43B52 /* ChangesImages.app */ = {isa = PBXFileReference; explicitFileType = wrapper.application; includeInIndex = 0; path = ChangesImages.app; sourceTree = BUILT_PRODUCTS_DIR; };
		092DC5E120C353E400D43B52 /* AppDelegate.h */ = {isa = PBXFileReference; lastKnownFileType = sourcecode.c.h; path = AppDelegate.h; sourceTree = "<group>"; };
		092DC5E220C353E400D43B52 /* AppDelegate.m */ = {isa = PBXFileReference; lastKnownFileType = sourcecode.c.objc; path = AppDelegate.m; sourceTree = "<group>"; };
		092DC5E420C353E400D43B52 /* ViewController.h */ = {isa = PBXFileReference; lastKnownFileType = sourcecode.c.h; path = ViewController.h; sourceTree = "<group>"; };
		092DC5E520C353E400D43B52 /* ViewController.m */ = {isa = PBXFileReference; lastKnownFileType = sourcecode.c.objc; path = ViewController.m; sourceTree = "<group>"; };
		092DC5E820C353E400D43B52 /* Base */ = {isa = PBXFileReference; lastKnownFileType = file.storyboard; name = Base; path = Base.lproj/Main.storyboard; sourceTree = "<group>"; };
		092DC5EA20C353E500D43B52 /* Assets.xcassets */ = {isa = PBXFileReference; lastKnownFileType = folder.assetcatalog; path = Assets.xcassets; sourceTree = "<group>"; };
		092DC5ED20C353E500D43B52 /* Base */ = {isa = PBXFileReference; lastKnownFileType = file.storyboard; name = Base; path = Base.lproj/LaunchScreen.storyboard; sourceTree = "<group>"; };
		092DC5EF20C353E500D43B52 /* Info.plist */ = {isa = PBXFileReference; lastKnownFileType = text.plist.xml; path = Info.plist; sourceTree = "<group>"; };
		092DC5F020C353E500D43B52 /* main.m */ = {isa = PBXFileReference; lastKnownFileType = sourcecode.c.objc; path = main.m; sourceTree = "<group>"; };
		092DC5F720C3570300D43B52 /* pic1.jpeg */ = {isa = PBXFileReference; lastKnownFileType = image.jpeg; path = pic1.jpeg; sourceTree = "<group>"; };
		092DC5F820C3570300D43B52 /* pic3.jpeg */ = {isa = PBXFileReference; lastKnownFileType = image.jpeg; path = pic3.jpeg; sourceTree = "<group>"; };
		092DC5F920C3570300D43B52 /* pic6.jpeg */ = {isa = PBXFileReference; lastKnownFileType = image.jpeg; path = pic6.jpeg; sourceTree = "<group>"; };
		092DC5FA20C3570300D43B52 /* pic5.jpeg */ = {isa = PBXFileReference; lastKnownFileType = image.jpeg; path = pic5.jpeg; sourceTree = "<group>"; };
		092DC5FB20C3570300D43B52 /* pic2.jpeg */ = {isa = PBXFileReference; lastKnownFileType = image.jpeg; path = pic2.jpeg; sourceTree = "<group>"; };
		092DC5FC20C3570300D43B52 /* pic4.jpeg */ = {isa = PBXFileReference; lastKnownFileType = image.jpeg; path = pic4.jpeg; sourceTree = "<group>"; };
/* End PBXFileReference section */

/* Begin PBXFrameworksBuildPhase section */
		092DC5DB20C353E400D43B52 /* Frameworks */ = {
			isa = PBXFrameworksBuildPhase;
			buildActionMask = 2147483647;
			files = (
			);
			runOnlyForDeploymentPostprocessing = 0;
		};
/* End PBXFrameworksBuildPhase section */

/* Begin PBXGroup section */
		092DC5D520C353E400D43B52 = {
			isa = PBXGroup;
			children = (
				092DC5E020C353E400D43B52 /* ChangesImages */,
				092DC5DF20C353E400D43B52 /* Products */,
			);
			sourceTree = "<group>";
		};
		092DC5DF20C353E400D43B52 /* Products */ = {
			isa = PBXGroup;
			children = (
				092DC5DE20C353E400D43B52 /* ChangesImages.app */,
			);
			name = Products;
			sourceTree = "<group>";
		};
		092DC5E020C353E400D43B52 /* ChangesImages */ = {
			isa = PBXGroup;
			children = (
				092DC5E120C353E400D43B52 /* AppDelegate.h */,
				092DC5E220C353E400D43B52 /* AppDelegate.m */,
				092DC5E420C353E400D43B52 /* ViewController.h */,
				092DC5E520C353E400D43B52 /* ViewController.m */,
				092DC5E720C353E400D43B52 /* Main.storyboard */,
				092DC5F720C3570300D43B52 /* pic1.jpeg */,
				092DC5FB20C3570300D43B52 /* pic2.jpeg */,
				092DC5F820C3570300D43B52 /* pic3.jpeg */,
				092DC5FC20C3570300D43B52 /* pic4.jpeg */,
				092DC5FA20C3570300D43B52 /* pic5.jpeg */,
				092DC5F920C3570300D43B52 /* pic6.jpeg */,
				092DC5EA20C353E500D43B52 /* Assets.xcassets */,
				092DC5EC20C353E500D43B52 /* LaunchScreen.storyboard */,
				092DC5EF20C353E500D43B52 /* Info.plist */,
				092DC5F020C353E500D43B52 /* main.m */,
			);
			path = ChangesImages;
			sourceTree = "<group>";
		};
/* End PBXGroup section */

/* Begin PBXNativeTarget section */
		092DC5DD20C353E400D43B52 /* ChangesImages */ = {
			isa = PBXNativeTarget;
			buildConfigurationList = 092DC5F420C353E500D43B52 /* Build configuration list for PBXNativeTarget "ChangesImages" */;
			buildPhases = (
				092DC5DA20C353E400D43B52 /* Sources */,
				092DC5DB20C353E400D43B52 /* Frameworks */,
				092DC5DC20C353E400D43B52 /* Resources */,
			);
			buildRules = (
			);
			dependencies = (
			);
			name = ChangesImages;
			productName = ChangesImages;
			productReference = 092DC5DE20C353E400D43B52 /* ChangesImages.app */;
			productType = "com.apple.product-type.application";
		};
/* End PBXNativeTarget section */

/* Begin PBXProject section */
		092DC5D620C353E400D43B52 /* Project object */ = {
			isa = PBXProject;
			attributes = {
				LastUpgradeCheck = 0930;
				ORGANIZATIONNAME = "Илья Юхновский";
				TargetAttributes = {
					092DC5DD20C353E400D43B52 = {
						CreatedOnToolsVersion = 9.3;
					};
				};
			};
			buildConfigurationList = 092DC5D920C353E400D43B52 /* Build configuration list for PBXProject "ChangesImages" */;
			compatibilityVersion = "Xcode 9.3";
			developmentRegion = en;
			hasScannedForEncodings = 0;
			knownRegions = (
				en,
				Base,
			);
			mainGroup = 092DC5D520C353E400D43B52;
			productRefGroup = 092DC5DF20C353E400D43B52 /* Products */;
			projectDirPath = "";
			projectRoot = "";
			targets = (
				092DC5DD20C353E400D43B52 /* ChangesImages */,
			);
		};
/* End PBXProject section */

/* Begin PBXResourcesBuildPhase section */
		092DC5DC20C353E400D43B52 /* Resources */ = {
			isa = PBXResourcesBuildPhase;
			buildActionMask = 2147483647;
			files = (
				092DC5EE20C353E500D43B52 /* LaunchScreen.storyboard in Resources */,
				092DC5EB20C353E500D43B52 /* Assets.xcassets in Resources */,
				092DC5FD20C3570300D43B52 /* pic1.jpeg in Resources */,
				092DC60120C3570300D43B52 /* pic2.jpeg in Resources */,
				092DC5FE20C3570300D43B52 /* pic3.jpeg in Resources */,
				092DC60220C3570300D43B52 /* pic4.jpeg in Resources */,
				092DC5E920C353E400D43B52 /* Main.storyboard in Resources */,
				092DC5FF20C3570300D43B52 /* pic6.jpeg in Resources */,
				092DC60020C3570300D43B52 /* pic5.jpeg in Resources */,
			);
			runOnlyForDeploymentPostprocessing = 0;
		};
/* End PBXResourcesBuildPhase section */

/* Begin PBXSourcesBuildPhase section */
		092DC5DA20C353E400D43B52 /* Sources */ = {
			isa = PBXSourcesBuildPhase;
			buildActionMask = 2147483647;
			files = (
				092DC5E620C353E400D43B52 /* ViewController.m in Sources */,
				092DC5F120C353E500D43B52 /* main.m in Sources */,
				092DC5E320C353E400D43B52 /* AppDelegate.m in Sources */,
			);
			runOnlyForDeploymentPostprocessing = 0;
		};
/* End PBXSourcesBuildPhase section */

/* Begin PBXVariantGroup section */
		092DC5E720C353E400D43B52 /* Main.storyboard */ = {
			isa = PBXVariantGroup;
			children = (
				092DC5E820C353E400D43B52 /* Base */,
			);
			name = Main.storyboard;
			sourceTree = "<group>";
		};
		092DC5EC20C353E500D43B52 /* LaunchScreen.storyboard */ = {
			isa = PBXVariantGroup;
			children = (
				092DC5ED20C353E500D43B52 /* Base */,
			);
			name = LaunchScreen.storyboard;
			sourceTree = "<group>";
		};
/* End PBXVariantGroup section */

/* Begin XCBuildConfiguration section */
		092DC5F220C353E500D43B52 /* Debug */ = {
			isa = XCBuildConfiguration;
			buildSettings = {
				ALWAYS_SEARCH_USER_PATHS = NO;
				CLANG_ANALYZER_NONNULL = YES;
				CLANG_ANALYZER_NUMBER_OBJECT_CONVERSION = YES_AGGRESSIVE;
				CLANG_CXX_LANGUAGE_STANDARD = "gnu++14";
				CLANG_CXX_LIBRARY = "libc++";
				CLANG_ENABLE_MODULES = YES;
				CLANG_ENABLE_OBJC_ARC = YES;
				CLANG_ENABLE_OBJC_WEAK = YES;
				CLANG_WARN_BLOCK_CAPTURE_AUTORELEASING = YES;
				CLANG_WARN_BOOL_CONVERSION = YES;
				CLANG_WARN_COMMA = YES;
				CLANG_WARN_CONSTANT_CONVERSION = YES;
				CLANG_WARN_DEPRECATED_OBJC_IMPLEMENTATIONS = YES;
				CLANG_WARN_DIRECT_OBJC_ISA_USAGE = YES_ERROR;
				CLANG_WARN_DOCUMENTATION_COMMENTS = YES;
				CLANG_WARN_EMPTY_BODY = YES;
				CLANG_WARN_ENUM_CONVERSION = YES;
				CLANG_WARN_INFINITE_RECURSION = YES;
				CLANG_WARN_INT_CONVERSION = YES;
				CLANG_WARN_NON_LITERAL_NULL_CONVERSION = YES;
				CLANG_WARN_OBJC_IMPLICIT_RETAIN_SELF = YES;
				CLANG_WARN_OBJC_LITERAL_CONVERSION = YES;
				CLANG_WARN_OBJC_ROOT_CLASS = YES_ERROR;
				CLANG_WARN_RANGE_LOOP_ANALYSIS = YES;
				CLANG_WARN_STRICT_PROTOTYPES = YES;
				CLANG_WARN_SUSPICIOUS_MOVE = YES;
				CLANG_WARN_UNGUARDED_AVAILABILITY = YES_AGGRESSIVE;
				CLANG_WARN_UNREACHABLE_CODE = YES;
				CLANG_WARN__DUPLICATE_METHOD_MATCH = YES;
				CODE_SIGN_IDENTITY = "iPhone Developer";
				COPY_PHASE_STRIP = NO;
				DEBUG_INFORMATION_FORMAT = dwarf;
				ENABLE_STRICT_OBJC_MSGSEND = YES;
				ENABLE_TESTABILITY = YES;
				GCC_C_LANGUAGE_STANDARD = gnu11;
				GCC_DYNAMIC_NO_PIC = NO;
				GCC_NO_COMMON_BLOCKS = YES;
				GCC_OPTIMIZATION_LEVEL = 0;
				GCC_PREPROCESSOR_DEFINITIONS = (
					"DEBUG=1",
					"$(inherited)",
				);
				GCC_WARN_64_TO_32_BIT_CONVERSION = YES;
				GCC_WARN_ABOUT_RETURN_TYPE = YES_ERROR;
				GCC_WARN_UNDECLARED_SELECTOR = YES;
				GCC_WARN_UNINITIALIZED_AUTOS = YES_AGGRESSIVE;
				GCC_WARN_UNUSED_FUNCTION = YES;
				GCC_WARN_UNUSED_VARIABLE = YES;
				IPHONEOS_DEPLOYMENT_TARGET = 11.3;
				MTL_ENABLE_DEBUG_INFO = YES;
				ONLY_ACTIVE_ARCH = YES;
				SDKROOT = iphoneos;
			};
			name = Debug;
		};
		092DC5F320C353E500D43B52 /* Release */ = {
			isa = XCBuildConfiguration;
			buildSettings = {
				ALWAYS_SEARCH_USER_PATHS = NO;
				CLANG_ANALYZER_NONNULL = YES;
				CLANG_ANALYZER_NUMBER_OBJECT_CONVERSION = YES_AGGRESSIVE;
				CLANG_CXX_LANGUAGE_STANDARD = "gnu++14";
				CLANG_CXX_LIBRARY = "libc++";
				CLANG_ENABLE_MODULES = YES;
				CLANG_ENABLE_OBJC_ARC = YES;
				CLANG_ENABLE_OBJC_WEAK = YES;
				CLANG_WARN_BLOCK_CAPTURE_AUTORELEASING = YES;
				CLANG_WARN_BOOL_CONVERSION = YES;
				CLANG_WARN_COMMA = YES;
				CLANG_WARN_CONSTANT_CONVERSION = YES;
				CLANG_WARN_DEPRECATED_OBJC_IMPLEMENTATIONS = YES;
				CLANG_WARN_DIRECT_OBJC_ISA_USAGE = YES_ERROR;
				CLANG_WARN_DOCUMENTATION_COMMENTS = YES;
				CLANG_WARN_EMPTY_BODY = YES;
				CLANG_WARN_ENUM_CONVERSION = YES;
				CLANG_WARN_INFINITE_RECURSION = YES;
				CLANG_WARN_INT_CONVERSION = YES;
				CLANG_WARN_NON_LITERAL_NULL_CONVERSION = YES;
				CLANG_WARN_OBJC_IMPLICIT_RETAIN_SELF = YES;
				CLANG_WARN_OBJC_LITERAL_CONVERSION = YES;
				CLANG_WARN_OBJC_ROOT_CLASS = YES_ERROR;
				CLANG_WARN_RANGE_LOOP_ANALYSIS = YES;
				CLANG_WARN_STRICT_PROTOTYPES = YES;
				CLANG_WARN_SUSPICIOUS_MOVE = YES;
				CLANG_WARN_UNGUARDED_AVAILABILITY = YES_AGGRESSIVE;
				CLANG_WARN_UNREACHABLE_CODE = YES;
				CLANG_WARN__DUPLICATE_METHOD_MATCH = YES;
				CODE_SIGN_IDENTITY = "iPhone Developer";
				COPY_PHASE_STRIP = NO;
				DEBUG_INFORMATION_FORMAT = "dwarf-with-dsym";
				ENABLE_NS_ASSERTIONS = NO;
				ENABLE_STRICT_OBJC_MSGSEND = YES;
				GCC_C_LANGUAGE_STANDARD = gnu11;
				GCC_NO_COMMON_BLOCKS = YES;
				GCC_WARN_64_TO_32_BIT_CONVERSION = YES;
				GCC_WARN_ABOUT_RETURN_TYPE = YES_ERROR;
				GCC_WARN_UNDECLARED_SELECTOR = YES;
				GCC_WARN_UNINITIALIZED_AUTOS = YES_AGGRESSIVE;
				GCC_WARN_UNUSED_FUNCTION = YES;
				GCC_WARN_UNUSED_VARIABLE = YES;
				IPHONEOS_DEPLOYMENT_TARGET = 11.3;
				MTL_ENABLE_DEBUG_INFO = NO;
				SDKROOT = iphoneos;
				VALIDATE_PRODUCT = YES;
			};
			name = Release;
		};
		092DC5F520C353E500D43B52 /* Debug */ = {
			isa = XCBuildConfiguration;
			buildSettings = {
				ASSETCATALOG_COMPILER_APPICON_NAME = AppIcon;
				CODE_SIGN_STYLE = Automatic;
				DEVELOPMENT_TEAM = ZKNT78S249;
				INFOPLIST_FILE = ChangesImages/Info.plist;
				LD_RUNPATH_SEARCH_PATHS = (
					"$(inherited)",
					"@executable_path/Frameworks",
				);
				PRODUCT_BUNDLE_IDENTIFIER = sberbank.ru.ChangesImages;
				PRODUCT_NAME = "$(TARGET_NAME)";
				TARGETED_DEVICE_FAMILY = "1,2";
			};
			name = Debug;
		};
		092DC5F620C353E500D43B52 /* Release */ = {
			isa = XCBuildConfiguration;
			buildSettings = {
				ASSETCATALOG_COMPILER_APPICON_NAME = AppIcon;
				CODE_SIGN_STYLE = Automatic;
				DEVELOPMENT_TEAM = ZKNT78S249;
				INFOPLIST_FILE = ChangesImages/Info.plist;
				LD_RUNPATH_SEARCH_PATHS = (
					"$(inherited)",
					"@executable_path/Frameworks",
				);
				PRODUCT_BUNDLE_IDENTIFIER = sberbank.ru.ChangesImages;
				PRODUCT_NAME = "$(TARGET_NAME)";
				TARGETED_DEVICE_FAMILY = "1,2";
			};
			name = Release;
		};
/* End XCBuildConfiguration section */

/* Begin XCConfigurationList section */
		092DC5D920C353E400D43B52 /* Build configuration list for PBXProject "ChangesImages" */ = {
			isa = XCConfigurationList;
			buildConfigurations = (
				092DC5F220C353E500D43B52 /* Debug */,
				092DC5F320C353E500D43B52 /* Release */,
			);
			defaultConfigurationIsVisible = 0;
			defaultConfigurationName = Release;
		};
		092DC5F420C353E500D43B52 /* Build configuration list for PBXNativeTarget "ChangesImages" */ = {
			isa = XCConfigurationList;
			buildConfigurations = (
				092DC5F520C353E500D43B52 /* Debug */,
				092DC5F620C353E500D43B52 /* Release */,
			);
			defaultConfigurationIsVisible = 0;
			defaultConfigurationName = Release;
		};
/* End XCConfigurationList section */
	};
	rootObject = 092DC5D620C353E400D43B52 /* Project object */;
}
